
Microsoft Visual Studio Solution File, Format Version 12.00
# Visual Studio Version 17
VisualStudioVersion = 17.0.31903.59
MinimumVisualStudioVersion = 10.0.40219.1
Project("{FAE04EC0-301F-11D3-BF4B-00C04F79EFBC}") = "PrivateChainClient", "PrivateChainClient\PrivateChainClient.csproj", "{9D40268E-DAD6-4304-9D02-1C606C2A95C2}"
EndProject
Project("{2150E333-8FDC-42A3-9474-1A3956D46DE8}") = "Modules", "Modules", "{EB0AB0ED-EB8A-4E13-ABDB-DE288E1E6751}"
EndProject
Project("{FAE04EC0-301F-11D3-BF4B-00C04F79EFBC}") = "Encrypting.Manager", "Modules\Encrypting.Manager\Encrypting.Manager.csproj", "{93F0A0B2-AC3F-4372-A5D5-7D358A7434D1}"
EndProject
Project("{FAE04EC0-301F-11D3-BF4B-00C04F79EFBC}") = "EventAggregator.Manager", "Modules\EventAggregator.Manager\EventAggregator.Manager.csproj", "{9C6DCA39-29E0-4422-B58C-71DE7C29DC3B}"
EndProject
Project("{FAE04EC0-301F-11D3-BF4B-00C04F79EFBC}") = "Signing.Manager", "Modules\Signing.Manager\Signing.Manager.csproj", "{48BDF504-0A3A-4275-A702-DCE3A5DFBB8D}"
EndProject
Global
	GlobalSection(SolutionConfigurationPlatforms) = preSolution
		Debug|Any CPU = Debug|Any CPU
		Release|Any CPU = Release|Any CPU
	EndGlobalSection
	GlobalSection(SolutionProperties) = preSolution
		HideSolutionNode = FALSE
	EndGlobalSection
	GlobalSection(ProjectConfigurationPlatforms) = postSolution
		{9D40268E-DAD6-4304-9D02-1C606C2A95C2}.Debug|Any CPU.ActiveCfg = Debug|Any CPU
		{9D40268E-DAD6-4304-9D02-1C606C2A95C2}.Debug|Any CPU.Build.0 = Debug|Any CPU
		{9D40268E-DAD6-4304-9D02-1C606C2A95C2}.Release|Any CPU.ActiveCfg = Release|Any CPU
		{9D40268E-DAD6-4304-9D02-1C606C2A95C2}.Release|Any CPU.Build.0 = Release|Any CPU
		{DA395E00-AC91-4053-935A-ED5F25F641D4}.Debug|Any CPU.ActiveCfg = Debug|Any CPU
		{DA395E00-AC91-4053-935A-ED5F25F641D4}.Debug|Any CPU.Build.0 = Debug|Any CPU
		{DA395E00-AC91-4053-935A-ED5F25F641D4}.Release|Any CPU.ActiveCfg = Release|Any CPU
		{DA395E00-AC91-4053-935A-ED5F25F641D4}.Release|Any CPU.Build.0 = Release|Any CPU
		{2BF7233F-8A05-44A4-846D-E74E4A68BC2A}.Debug|Any CPU.ActiveCfg = Debug|Any CPU
		{2BF7233F-8A05-44A4-846D-E74E4A68BC2A}.Debug|Any CPU.Build.0 = Debug|Any CPU
		{2BF7233F-8A05-44A4-846D-E74E4A68BC2A}.Release|Any CPU.ActiveCfg = Release|Any CPU
		{2BF7233F-8A05-44A4-846D-E74E4A68BC2A}.Release|Any CPU.Build.0 = Release|Any CPU
		{93F0A0B2-AC3F-4372-A5D5-7D358A7434D1}.Debug|Any CPU.ActiveCfg = Debug|Any CPU
		{93F0A0B2-AC3F-4372-A5D5-7D358A7434D1}.Debug|Any CPU.Build.0 = Debug|Any CPU
		{93F0A0B2-AC3F-4372-A5D5-7D358A7434D1}.Release|Any CPU.ActiveCfg = Release|Any CPU
		{93F0A0B2-AC3F-4372-A5D5-7D358A7434D1}.Release|Any CPU.Build.0 = Release|Any CPU
		{9C6DCA39-29E0-4422-B58C-71DE7C29DC3B}.Debug|Any CPU.ActiveCfg = Debug|Any CPU
		{9C6DCA39-29E0-4422-B58C-71DE7C29DC3B}.Debug|Any CPU.Build.0 = Debug|Any CPU
		{9C6DCA39-29E0-4422-B58C-71DE7C29DC3B}.Release|Any CPU.ActiveCfg = Release|Any CPU
		{9C6DCA39-29E0-4422-B58C-71DE7C29DC3B}.Release|Any CPU.Build.0 = Release|Any CPU
		{48BDF504-0A3A-4275-A702-DCE3A5DFBB8D}.Debug|Any CPU.ActiveCfg = Debug|Any CPU
		{48BDF504-0A3A-4275-A702-DCE3A5DFBB8D}.Debug|Any CPU.Build.0 = Debug|Any CPU
		{48BDF504-0A3A-4275-A702-DCE3A5DFBB8D}.Release|Any CPU.ActiveCfg = Release|Any CPU
		{48BDF504-0A3A-4275-A702-DCE3A5DFBB8D}.Release|Any CPU.Build.0 = Release|Any CPU
	EndGlobalSection
	GlobalSection(NestedProjects) = preSolution
		{93F0A0B2-AC3F-4372-A5D5-7D358A7434D1} = {EB0AB0ED-EB8A-4E13-ABDB-DE288E1E6751}
		{9C6DCA39-29E0-4422-B58C-71DE7C29DC3B} = {EB0AB0ED-EB8A-4E13-ABDB-DE288E1E6751}
		{48BDF504-0A3A-4275-A702-DCE3A5DFBB8D} = {EB0AB0ED-EB8A-4E13-ABDB-DE288E1E6751}
	EndGlobalSection
EndGlobal
